
Microsoft Visual Studio Solution File, Format Version 12.00
# Visual Studio Version 17
VisualStudioVersion = 17.14.36414.22
MinimumVisualStudioVersion = 10.0.40219.1
Project("{FAE04EC0-301F-11D3-BF4B-00C04F79EFBC}") = "ModernCSharp", "ModernCSharp\ModernCSharp.csproj", "{CF5F54A2-308A-4AC1-B2CF-F638EBFBE9D8}"
EndProject
Project("{FAE04EC0-301F-11D3-BF4B-00C04F79EFBC}") = "TodoApi", "TodoApi\TodoApi.csproj", "{16493D95-439B-45B6-987F-A26F78B58E06}"
EndProject
Project("{FAE04EC0-301F-11D3-BF4B-00C04F79EFBC}") = "LibraryAPI", "LibraryAPI\LibraryAPI.csproj", "{47FBC06E-A0FF-4C17-8905-6EB660F6128D}"
EndProject
Project("{FAE04EC0-301F-11D3-BF4B-00C04F79EFBC}") = "TodoApi.Tests", "TodoApi.Tests\TodoApi.Tests.csproj", "{96A2CB17-8BD5-41BB-8394-12D08CC63695}"
EndProject
Project("{FAE04EC0-301F-11D3-BF4B-00C04F79EFBC}") = "LibraryAPI.Tests", "LibraryAPI.Tests\LibraryAPI.Tests.csproj", "{9E97267F-3C0C-431D-8AA2-23727D23858A}"
EndProject
Global
	GlobalSection(SolutionConfigurationPlatforms) = preSolution
		Debug|Any CPU = Debug|Any CPU
		Release|Any CPU = Release|Any CPU
	EndGlobalSection
	GlobalSection(ProjectConfigurationPlatforms) = postSolution
		{CF5F54A2-308A-4AC1-B2CF-F638EBFBE9D8}.Debug|Any CPU.ActiveCfg = Debug|Any CPU
		{CF5F54A2-308A-4AC1-B2CF-F638EBFBE9D8}.Debug|Any CPU.Build.0 = Debug|Any CPU
		{CF5F54A2-308A-4AC1-B2CF-F638EBFBE9D8}.Release|Any CPU.ActiveCfg = Release|Any CPU
		{CF5F54A2-308A-4AC1-B2CF-F638EBFBE9D8}.Release|Any CPU.Build.0 = Release|Any CPU
		{16493D95-439B-45B6-987F-A26F78B58E06}.Debug|Any CPU.ActiveCfg = Debug|Any CPU
		{16493D95-439B-45B6-987F-A26F78B58E06}.Debug|Any CPU.Build.0 = Debug|Any CPU
		{16493D95-439B-45B6-987F-A26F78B58E06}.Release|Any CPU.ActiveCfg = Release|Any CPU
		{16493D95-439B-45B6-987F-A26F78B58E06}.Release|Any CPU.Build.0 = Release|Any CPU
		{47FBC06E-A0FF-4C17-8905-6EB660F6128D}.Debug|Any CPU.ActiveCfg = Debug|Any CPU
		{47FBC06E-A0FF-4C17-8905-6EB660F6128D}.Debug|Any CPU.Build.0 = Debug|Any CPU
		{47FBC06E-A0FF-4C17-8905-6EB660F6128D}.Release|Any CPU.ActiveCfg = Release|Any CPU
		{47FBC06E-A0FF-4C17-8905-6EB660F6128D}.Release|Any CPU.Build.0 = Release|Any CPU
		{96A2CB17-8BD5-41BB-8394-12D08CC63695}.Debug|Any CPU.ActiveCfg = Debug|Any CPU
		{96A2CB17-8BD5-41BB-8394-12D08CC63695}.Debug|Any CPU.Build.0 = Debug|Any CPU
		{96A2CB17-8BD5-41BB-8394-12D08CC63695}.Release|Any CPU.ActiveCfg = Release|Any CPU
		{96A2CB17-8BD5-41BB-8394-12D08CC63695}.Release|Any CPU.Build.0 = Release|Any CPU
		{9E97267F-3C0C-431D-8AA2-23727D23858A}.Debug|Any CPU.ActiveCfg = Debug|Any CPU
		{9E97267F-3C0C-431D-8AA2-23727D23858A}.Debug|Any CPU.Build.0 = Debug|Any CPU
		{9E97267F-3C0C-431D-8AA2-23727D23858A}.Release|Any CPU.ActiveCfg = Release|Any CPU
		{9E97267F-3C0C-431D-8AA2-23727D23858A}.Release|Any CPU.Build.0 = Release|Any CPU
	EndGlobalSection
	GlobalSection(SolutionProperties) = preSolution
		HideSolutionNode = FALSE
	EndGlobalSection
	GlobalSection(ExtensibilityGlobals) = postSolution
		SolutionGuid = {3C78A486-9C20-4869-8C40-DA8B9BDA3338}
	EndGlobalSection
EndGlobal
